
Microsoft Visual Studio Solution File, Format Version 12.00
# Visual Studio Version 17
VisualStudioVersion = 17.9.34728.123
MinimumVisualStudioVersion = 10.0.40219.1
Project("{FAE04EC0-301F-11D3-BF4B-00C04F79EFBC}") = "스파르타 던전", "스파르타 던전\스파르타 던전.csproj", "{285EEA21-67D4-449A-9638-D33CF067DB62}"
EndProject
Global
	GlobalSection(SolutionConfigurationPlatforms) = preSolution
		Debug|Any CPU = Debug|Any CPU
		Release|Any CPU = Release|Any CPU
	EndGlobalSection
	GlobalSection(ProjectConfigurationPlatforms) = postSolution
		{285EEA21-67D4-449A-9638-D33CF067DB62}.Debug|Any CPU.ActiveCfg = Debug|Any CPU
		{285EEA21-67D4-449A-9638-D33CF067DB62}.Debug|Any CPU.Build.0 = Debug|Any CPU
		{285EEA21-67D4-449A-9638-D33CF067DB62}.Release|Any CPU.ActiveCfg = Release|Any CPU
		{285EEA21-67D4-449A-9638-D33CF067DB62}.Release|Any CPU.Build.0 = Release|Any CPU
	EndGlobalSection
	GlobalSection(SolutionProperties) = preSolution
		HideSolutionNode = FALSE
	EndGlobalSection
	GlobalSection(ExtensibilityGlobals) = postSolution
		SolutionGuid = {17E2ECBA-DDA6-42E8-AD95-82E6BDD07576}
	EndGlobalSection
EndGlobal
